PODS:
  - Filament (1.23.0):
    - Filament/camutils (= 1.23.0)
    - Filament/filamat (= 1.23.0)
    - Filament/filament (= 1.23.0)
    - Filament/filameshio (= 1.23.0)
    - Filament/gltfio_core (= 1.23.0)
    - Filament/image (= 1.23.0)
    - Filament/ktxreader (= 1.23.0)
    - Filament/math (= 1.23.0)
    - Filament/tsl (= 1.23.0)
    - Filament/utils (= 1.23.0)
    - Filament/viewer (= 1.23.0)
  - Filament/camutils (1.23.0):
    - Filament/math
  - Filament/filamat (1.23.0):
    - Filament/math
    - Filament/utils
  - Filament/filament (1.23.0):
    - Filament/math
    - Filament/utils
  - Filament/filameshio (1.23.0):
    - Filament/filament
  - Filament/gltfio_core (1.23.0):
    - Filament/filament
    - Filament/ktxreader
  - Filament/image (1.23.0):
    - Filament/filament
  - Filament/ktxreader (1.23.0):
    - Filament/filament
    - Filament/image
  - Filament/math (1.23.0)
  - Filament/tsl (1.23.0)
  - Filament/utils (1.23.0):
    - Filament/tsl
  - Filament/viewer (1.23.0):
    - Filament/filament
    - Filament/gltfio_core

DEPENDENCIES:
  - Filament

SPEC REPOS:
  trunk:
    - Filament

SPEC CHECKSUMS:
  Filament: e4ec9bff617c4dac2e8b9dd257856009cb65deb6

PODFILE CHECKSUM: c3cd425c8e99e099e91283d0343aff2ef86e0a39

COCOAPODS: 1.11.3
